
Microsoft Visual Studio Solution File, Format Version 12.00
# Visual Studio 15
VisualStudioVersion = 15.0.26124.0
MinimumVisualStudioVersion = 15.0.26124.0
Project("{2150E333-8FDC-42A3-9474-1A3956D46DE8}") = "src", "src", "{76BCCA68-C38C-4D4A-A6CB-15934ACA6BA9}"
EndProject
Project("{FAE04EC0-301F-11D3-BF4B-00C04F79EFBC}") = "API", "src\API\API.csproj", "{AF04730C-0ADD-4100-BBA7-BFB9269DF850}"
EndProject
Project("{FAE04EC0-301F-11D3-BF4B-00C04F79EFBC}") = "Model", "src\Model\Model.csproj", "{6A460103-5F51-4E0B-AC84-E2E2CBC023B7}"
EndProject
Project("{FAE04EC0-301F-11D3-BF4B-00C04F79EFBC}") = "Application", "src\Application\Application.csproj", "{F09DC000-5AB6-45C1-ADC9-A8C9CED0EF4E}"
EndProject
Project("{FAE04EC0-301F-11D3-BF4B-00C04F79EFBC}") = "Infrastructure", "src\Infrastructure\Infrastructure.csproj", "{76BCBA95-7AC7-47E8-9A73-9F58F10C2994}"
EndProject
Global
	GlobalSection(SolutionConfigurationPlatforms) = preSolution
		Debug|Any CPU = Debug|Any CPU
		Debug|x64 = Debug|x64
		Debug|x86 = Debug|x86
		Release|Any CPU = Release|Any CPU
		Release|x64 = Release|x64
		Release|x86 = Release|x86
	EndGlobalSection
	GlobalSection(SolutionProperties) = preSolution
		HideSolutionNode = FALSE
	EndGlobalSection
	GlobalSection(ProjectConfigurationPlatforms) = postSolution
		{AF04730C-0ADD-4100-BBA7-BFB9269DF850}.Debug|Any CPU.ActiveCfg = Debug|Any CPU
		{AF04730C-0ADD-4100-BBA7-BFB9269DF850}.Debug|Any CPU.Build.0 = Debug|Any CPU
		{AF04730C-0ADD-4100-BBA7-BFB9269DF850}.Debug|x64.ActiveCfg = Debug|Any CPU
		{AF04730C-0ADD-4100-BBA7-BFB9269DF850}.Debug|x64.Build.0 = Debug|Any CPU
		{AF04730C-0ADD-4100-BBA7-BFB9269DF850}.Debug|x86.ActiveCfg = Debug|Any CPU
		{AF04730C-0ADD-4100-BBA7-BFB9269DF850}.Debug|x86.Build.0 = Debug|Any CPU
		{AF04730C-0ADD-4100-BBA7-BFB9269DF850}.Release|Any CPU.ActiveCfg = Release|Any CPU
		{AF04730C-0ADD-4100-BBA7-BFB9269DF850}.Release|Any CPU.Build.0 = Release|Any CPU
		{AF04730C-0ADD-4100-BBA7-BFB9269DF850}.Release|x64.ActiveCfg = Release|Any CPU
		{AF04730C-0ADD-4100-BBA7-BFB9269DF850}.Release|x64.Build.0 = Release|Any CPU
		{AF04730C-0ADD-4100-BBA7-BFB9269DF850}.Release|x86.ActiveCfg = Release|Any CPU
		{AF04730C-0ADD-4100-BBA7-BFB9269DF850}.Release|x86.Build.0 = Release|Any CPU
		{6A460103-5F51-4E0B-AC84-E2E2CBC023B7}.Debug|Any CPU.ActiveCfg = Debug|Any CPU
		{6A460103-5F51-4E0B-AC84-E2E2CBC023B7}.Debug|Any CPU.Build.0 = Debug|Any CPU
		{6A460103-5F51-4E0B-AC84-E2E2CBC023B7}.Debug|x64.ActiveCfg = Debug|Any CPU
		{6A460103-5F51-4E0B-AC84-E2E2CBC023B7}.Debug|x64.Build.0 = Debug|Any CPU
		{6A460103-5F51-4E0B-AC84-E2E2CBC023B7}.Debug|x86.ActiveCfg = Debug|Any CPU
		{6A460103-5F51-4E0B-AC84-E2E2CBC023B7}.Debug|x86.Build.0 = Debug|Any CPU
		{6A460103-5F51-4E0B-AC84-E2E2CBC023B7}.Release|Any CPU.ActiveCfg = Release|Any CPU
		{6A460103-5F51-4E0B-AC84-E2E2CBC023B7}.Release|Any CPU.Build.0 = Release|Any CPU
		{6A460103-5F51-4E0B-AC84-E2E2CBC023B7}.Release|x64.ActiveCfg = Release|Any CPU
		{6A460103-5F51-4E0B-AC84-E2E2CBC023B7}.Release|x64.Build.0 = Release|Any CPU
		{6A460103-5F51-4E0B-AC84-E2E2CBC023B7}.Release|x86.ActiveCfg = Release|Any CPU
		{6A460103-5F51-4E0B-AC84-E2E2CBC023B7}.Release|x86.Build.0 = Release|Any CPU
		{F09DC000-5AB6-45C1-ADC9-A8C9CED0EF4E}.Debug|Any CPU.ActiveCfg = Debug|Any CPU
		{F09DC000-5AB6-45C1-ADC9-A8C9CED0EF4E}.Debug|Any CPU.Build.0 = Debug|Any CPU
		{F09DC000-5AB6-45C1-ADC9-A8C9CED0EF4E}.Debug|x64.ActiveCfg = Debug|Any CPU
		{F09DC000-5AB6-45C1-ADC9-A8C9CED0EF4E}.Debug|x64.Build.0 = Debug|Any CPU
		{F09DC000-5AB6-45C1-ADC9-A8C9CED0EF4E}.Debug|x86.ActiveCfg = Debug|Any CPU
		{F09DC000-5AB6-45C1-ADC9-A8C9CED0EF4E}.Debug|x86.Build.0 = Debug|Any CPU
		{F09DC000-5AB6-45C1-ADC9-A8C9CED0EF4E}.Release|Any CPU.ActiveCfg = Release|Any CPU
		{F09DC000-5AB6-45C1-ADC9-A8C9CED0EF4E}.Release|Any CPU.Build.0 = Release|Any CPU
		{F09DC000-5AB6-45C1-ADC9-A8C9CED0EF4E}.Release|x64.ActiveCfg = Release|Any CPU
		{F09DC000-5AB6-45C1-ADC9-A8C9CED0EF4E}.Release|x64.Build.0 = Release|Any CPU
		{F09DC000-5AB6-45C1-ADC9-A8C9CED0EF4E}.Release|x86.ActiveCfg = Release|Any CPU
		{F09DC000-5AB6-45C1-ADC9-A8C9CED0EF4E}.Release|x86.Build.0 = Release|Any CPU
		{76BCBA95-7AC7-47E8-9A73-9F58F10C2994}.Debug|Any CPU.ActiveCfg = Debug|Any CPU
		{76BCBA95-7AC7-47E8-9A73-9F58F10C2994}.Debug|Any CPU.Build.0 = Debug|Any CPU
		{76BCBA95-7AC7-47E8-9A73-9F58F10C2994}.Debug|x64.ActiveCfg = Debug|Any CPU
		{76BCBA95-7AC7-47E8-9A73-9F58F10C2994}.Debug|x64.Build.0 = Debug|Any CPU
		{76BCBA95-7AC7-47E8-9A73-9F58F10C2994}.Debug|x86.ActiveCfg = Debug|Any CPU
		{76BCBA95-7AC7-47E8-9A73-9F58F10C2994}.Debug|x86.Build.0 = Debug|Any CPU
		{76BCBA95-7AC7-47E8-9A73-9F58F10C2994}.Release|Any CPU.ActiveCfg = Release|Any CPU
		{76BCBA95-7AC7-47E8-9A73-9F58F10C2994}.Release|Any CPU.Build.0 = Release|Any CPU
		{76BCBA95-7AC7-47E8-9A73-9F58F10C2994}.Release|x64.ActiveCfg = Release|Any CPU
		{76BCBA95-7AC7-47E8-9A73-9F58F10C2994}.Release|x64.Build.0 = Release|Any CPU
		{76BCBA95-7AC7-47E8-9A73-9F58F10C2994}.Release|x86.ActiveCfg = Release|Any CPU
		{76BCBA95-7AC7-47E8-9A73-9F58F10C2994}.Release|x86.Build.0 = Release|Any CPU
	EndGlobalSection
	GlobalSection(NestedProjects) = preSolution
		{AF04730C-0ADD-4100-BBA7-BFB9269DF850} = {76BCCA68-C38C-4D4A-A6CB-15934ACA6BA9}
		{6A460103-5F51-4E0B-AC84-E2E2CBC023B7} = {76BCCA68-C38C-4D4A-A6CB-15934ACA6BA9}
		{F09DC000-5AB6-45C1-ADC9-A8C9CED0EF4E} = {76BCCA68-C38C-4D4A-A6CB-15934ACA6BA9}
		{76BCBA95-7AC7-47E8-9A73-9F58F10C2994} = {76BCCA68-C38C-4D4A-A6CB-15934ACA6BA9}
	EndGlobalSection
EndGlobal
